
Microsoft Visual Studio Solution File, Format Version 12.00
# Visual Studio Version 17
VisualStudioVersion = 17.4.33213.308
MinimumVisualStudioVersion = 10.0.40219.1
Project("{FAE04EC0-301F-11D3-BF4B-00C04F79EFBC}") = "TodoAPI", "TodoAPI\TodoAPI.csproj", "{5CACC23C-4021-40F9-BC2F-913D40E0ED56}"
EndProject
Global
	GlobalSection(SolutionConfigurationPlatforms) = preSolution
		Debug|Any CPU = Debug|Any CPU
		Release|Any CPU = Release|Any CPU
	EndGlobalSection
	GlobalSection(ProjectConfigurationPlatforms) = postSolution
		{5CACC23C-4021-40F9-BC2F-913D40E0ED56}.Debug|Any CPU.ActiveCfg = Debug|Any CPU
		{5CACC23C-4021-40F9-BC2F-913D40E0ED56}.Debug|Any CPU.Build.0 = Debug|Any CPU
		{5CACC23C-4021-40F9-BC2F-913D40E0ED56}.Release|Any CPU.ActiveCfg = Release|Any CPU
		{5CACC23C-4021-40F9-BC2F-913D40E0ED56}.Release|Any CPU.Build.0 = Release|Any CPU
	EndGlobalSection
	GlobalSection(SolutionProperties) = preSolution
		HideSolutionNode = FALSE
	EndGlobalSection
	GlobalSection(ExtensibilityGlobals) = postSolution
		SolutionGuid = {C31313DF-21E4-41E7-BB05-FB5AACD0DFA3}
	EndGlobalSection
EndGlobal
